
Microsoft Visual Studio Solution File, Format Version 12.00
# Visual Studio Version 17
VisualStudioVersion = 17.11.35222.181
MinimumVisualStudioVersion = 10.0.40219.1
Project("{FAE04EC0-301F-11D3-BF4B-00C04F79EFBC}") = "responsi", "responsi\responsi.csproj", "{7D339351-44B8-4EF6-8729-9FA61688DED4}"
EndProject
Global
	GlobalSection(SolutionConfigurationPlatforms) = preSolution
		Debug|Any CPU = Debug|Any CPU
		Release|Any CPU = Release|Any CPU
	EndGlobalSection
	GlobalSection(ProjectConfigurationPlatforms) = postSolution
		{7D339351-44B8-4EF6-8729-9FA61688DED4}.Debug|Any CPU.ActiveCfg = Debug|Any CPU
		{7D339351-44B8-4EF6-8729-9FA61688DED4}.Debug|Any CPU.Build.0 = Debug|Any CPU
		{7D339351-44B8-4EF6-8729-9FA61688DED4}.Release|Any CPU.ActiveCfg = Release|Any CPU
		{7D339351-44B8-4EF6-8729-9FA61688DED4}.Release|Any CPU.Build.0 = Release|Any CPU
	EndGlobalSection
	GlobalSection(SolutionProperties) = preSolution
		HideSolutionNode = FALSE
	EndGlobalSection
	GlobalSection(ExtensibilityGlobals) = postSolution
		SolutionGuid = {A13E6D7C-09EA-4986-AB62-123D7374004A}
	EndGlobalSection
EndGlobal
